<?xml version="1.0" encoding="utf-8"?>
<Project ToolsVersion="4.0" xmlns="http://schemas.microsoft.com/developer/msbuild/2003">
  <ItemGroup>
    <Filter Include="ソース ファイル">
      <UniqueIdentifier>{4FC737F1-C7A5-4376-A066-2A32D752A2FF}</UniqueIdentifier>
      <Extensions>cpp;c;cc;cxx;c++;cppm;ixx;def;odl;idl;hpj;bat;asm;asmx</Extensions>
    </Filter>
    <Filter Include="ヘッダー ファイル">
      <UniqueIdentifier>{93995380-89BD-4b04-88EB-625FBE52EBFB}</UniqueIdentifier>
      <Extensions>h;hh;hpp;hxx;h++;hm;inl;inc;ipp;xsd</Extensions>
    </Filter>
    <Filter Include="リソース ファイル">
      <UniqueIdentifier>{67DA6AB6-F800-4c08-8B7A-83BB121AAD01}</UniqueIdentifier>
      <Extensions>rc;ico;cur;bmp;dlg;rc2;rct;bin;rgs;gif;jpg;jpeg;jpe;resx;tiff;tif;png;wav;mfcribbon-ms</Extensions>
    </Filter>
    <Filter Include="ソース ファイル\external">
      <UniqueIdentifier>{6349bfe6-5cf3-4914-b19d-7ea698f94107}</UniqueIdentifier>
    </Filter>
    <Filter Include="ヘッダー ファイル\external">
      <UniqueIdentifier>{2e60aaa1-7bd6-4575-9c90-641c9bf7e719}</UniqueIdentifier>
    </Filter>
    <Filter Include="ソース ファイル\external\fpng">
      <UniqueIdentifier>{8364e26c-b523-4545-8f5b-82998747efae}</UniqueIdentifier>
    </Filter>
    <Filter Include="ソース ファイル\external\Cflat">
      <UniqueIdentifier>{79de9aba-530b-4512-a268-88bdfc4121c4}</UniqueIdentifier>
    </Filter>
    <Filter Include="ヘッダー ファイル\external\fpng">
      <UniqueIdentifier>{448a820e-8f25-4f97-9ed4-344f56d918ed}</UniqueIdentifier>
    </Filter>
    <Filter Include="ヘッダー ファイル\external\Cflat">
      <UniqueIdentifier>{585e5ee4-f14f-477c-8c73-88b217db83b1}</UniqueIdentifier>
    </Filter>
    <Filter Include="ヘッダー ファイル\external\mimalloc">
      <UniqueIdentifier>{a4e9dc99-10d5-4a73-aa33-e9af83d0420c}</UniqueIdentifier>
    </Filter>
    <Filter Include="ソース ファイル\external\mimalloc">
      <UniqueIdentifier>{af612f43-37fd-4e9b-b55d-2c2fbdec145e}</UniqueIdentifier>
    </Filter>
    <Filter Include="ソース ファイル\external\D3D12MemoryAllocator">
      <UniqueIdentifier>{9fdbc8ec-b545-4ef2-a438-1b75110d55a5}</UniqueIdentifier>
    </Filter>
    <Filter Include="ヘッダー ファイル\external\D3D12MemoryAllocator">
      <UniqueIdentifier>{d48e4fb6-f3ff-4d5b-b877-6b9f694c4ab2}</UniqueIdentifier>
    </Filter>
  </ItemGroup>
  <ItemGroup>
    <ClInclude Include="..\include\rtcTypedef.h">
      <Filter>ヘッダー ファイル</Filter>
    </ClInclude>
    <ClInclude Include="..\include\rtcApp.h">
      <Filter>ヘッダー ファイル</Filter>
    </ClInclude>
    <ClInclude Include="..\include\rtcDevice.h">
      <Filter>ヘッダー ファイル</Filter>
    </ClInclude>
    <ClInclude Include="..\include\rtcTimer.h">
      <Filter>ヘッダー ファイル</Filter>
    </ClInclude>
    <ClInclude Include="..\include\rtcLog.h">
      <Filter>ヘッダー ファイル</Filter>
    </ClInclude>
    <ClInclude Include="..\external\fpng\fpng.h">
      <Filter>ヘッダー ファイル\external\fpng</Filter>
    </ClInclude>
    <ClInclude Include="..\external\Cflat\Cflat.h">
      <Filter>ヘッダー ファイル\external\Cflat</Filter>
    </ClInclude>
    <ClInclude Include="..\external\Cflat\CflatConfig.h">
      <Filter>ヘッダー ファイル\external\Cflat</Filter>
    </ClInclude>
    <ClInclude Include="..\external\Cflat\CflatGlobal.h">
      <Filter>ヘッダー ファイル\external\Cflat</Filter>
    </ClInclude>
    <ClInclude Include="..\external\Cflat\CflatGlobalConfig.h">
      <Filter>ヘッダー ファイル\external\Cflat</Filter>
    </ClInclude>
    <ClInclude Include="..\external\Cflat\CflatHelper.h">
      <Filter>ヘッダー ファイル\external\Cflat</Filter>
    </ClInclude>
    <ClInclude Include="..\external\mimalloc\include\mimalloc.h">
      <Filter>ヘッダー ファイル\external\mimalloc</Filter>
    </ClInclude>
    <ClInclude Include="..\external\mimalloc\include\mimalloc-new-delete.h">
      <Filter>ヘッダー ファイル\external\mimalloc</Filter>
    </ClInclude>
    <ClInclude Include="..\external\mimalloc\include\mimalloc-override.h">
      <Filter>ヘッダー ファイル\external\mimalloc</Filter>
    </ClInclude>
    <ClInclude Include="..\external\D3D12MemoryAllocator\include\D3D12MemAlloc.h">
      <Filter>ヘッダー ファイル\external\D3D12MemoryAllocator</Filter>
    </ClInclude>
  </ItemGroup>
  <ItemGroup>
    <ClCompile Include="..\src\main.cpp">
      <Filter>ソース ファイル</Filter>
    </ClCompile>
    <ClCompile Include="..\src\rtcApp.cpp">
      <Filter>ソース ファイル</Filter>
    </ClCompile>
    <ClCompile Include="..\src\rtcDevice.cpp">
      <Filter>ソース ファイル</Filter>
    </ClCompile>
    <ClCompile Include="..\external\fpng\fpng.cpp">
      <Filter>ソース ファイル\external\fpng</Filter>
    </ClCompile>
    <ClCompile Include="..\external\Cflat\Cflat.cpp">
      <Filter>ソース ファイル\external\Cflat</Filter>
    </ClCompile>
    <ClCompile Include="..\external\mimalloc\src\static.c">
      <Filter>ソース ファイル\external\mimalloc</Filter>
    </ClCompile>
    <ClCompile Include="..\external\D3D12MemoryAllocator\src\D3D12MemAlloc.cpp">
      <Filter>ソース ファイル\external\D3D12MemoryAllocator</Filter>
    </ClCompile>
  </ItemGroup>
  <ItemGroup>
    <None Include="packages.config" />
  </ItemGroup>
</Project>